
Microsoft Visual Studio Solution File, Format Version 12.00
# Visual Studio 15
VisualStudioVersion = 15.0.27428.2027
MinimumVisualStudioVersion = 10.0.40219.1
Project("{FAE04EC0-301F-11D3-BF4B-00C04F79EFBC}") = "BookingClone", "BookingClone\BookingClone.csproj", "{8305D46A-7121-45E8-8053-302A049DE1FA}"
EndProject
Global
	GlobalSection(SolutionConfigurationPlatforms) = preSolution
		Debug|Any CPU = Debug|Any CPU
		Release|Any CPU = Release|Any CPU
	EndGlobalSection
	GlobalSection(ProjectConfigurationPlatforms) = postSolution
		{8305D46A-7121-45E8-8053-302A049DE1FA}.Debug|Any CPU.ActiveCfg = Debug|Any CPU
		{8305D46A-7121-45E8-8053-302A049DE1FA}.Debug|Any CPU.Build.0 = Debug|Any CPU
		{8305D46A-7121-45E8-8053-302A049DE1FA}.Release|Any CPU.ActiveCfg = Release|Any CPU
		{8305D46A-7121-45E8-8053-302A049DE1FA}.Release|Any CPU.Build.0 = Release|Any CPU
	EndGlobalSection
	GlobalSection(SolutionProperties) = preSolution
		HideSolutionNode = FALSE
	EndGlobalSection
	GlobalSection(ExtensibilityGlobals) = postSolution
		SolutionGuid = {D72C62EE-027D-4566-A4F4-0695B24944C8}
	EndGlobalSection
EndGlobal
